
Microsoft Visual Studio Solution File, Format Version 12.00
# Visual Studio 2012
Project("{F2A71F9B-5D33-465A-A702-920D77279786}") = "ImpLang", "ImpLang.fsproj", "{81854949-5B95-4BA9-9DC9-5A1D14A49511}"
EndProject
Global
	GlobalSection(SolutionConfigurationPlatforms) = preSolution
		Debug|Any CPU = Debug|Any CPU
		Release|Any CPU = Release|Any CPU
	EndGlobalSection
	GlobalSection(ProjectConfigurationPlatforms) = postSolution
		{81854949-5B95-4BA9-9DC9-5A1D14A49511}.Debug|Any CPU.ActiveCfg = Debug|Any CPU
		{81854949-5B95-4BA9-9DC9-5A1D14A49511}.Debug|Any CPU.Build.0 = Debug|Any CPU
		{81854949-5B95-4BA9-9DC9-5A1D14A49511}.Release|Any CPU.ActiveCfg = Release|Any CPU
		{81854949-5B95-4BA9-9DC9-5A1D14A49511}.Release|Any CPU.Build.0 = Release|Any CPU
	EndGlobalSection
	GlobalSection(SolutionProperties) = preSolution
		HideSolutionNode = FALSE
	EndGlobalSection
EndGlobal
